
Microsoft Visual Studio Solution File, Format Version 12.00
Project("{FAE04EC0-301F-11D3-BF4B-00C04F79EFBC}") = "App", "App\App.csproj", "{3AF3CEA2-D87E-4048-8002-8F99ED80F255}"
EndProject
Global
	GlobalSection(SolutionConfigurationPlatforms) = preSolution
		Debug|Any CPU = Debug|Any CPU
		Release|Any CPU = Release|Any CPU
	EndGlobalSection
	GlobalSection(ProjectConfigurationPlatforms) = postSolution
		{3AF3CEA2-D87E-4048-8002-8F99ED80F255}.Debug|Any CPU.ActiveCfg = Debug|Any CPU
		{3AF3CEA2-D87E-4048-8002-8F99ED80F255}.Debug|Any CPU.Build.0 = Debug|Any CPU
		{3AF3CEA2-D87E-4048-8002-8F99ED80F255}.Release|Any CPU.ActiveCfg = Release|Any CPU
		{3AF3CEA2-D87E-4048-8002-8F99ED80F255}.Release|Any CPU.Build.0 = Release|Any CPU
	EndGlobalSection
EndGlobal
