
Microsoft Visual Studio Solution File, Format Version 12.00
Project("{FAE04EC0-301F-11D3-BF4B-00C04F79EFBC}") = "App", "App\App.csproj", "{FECA932E-A5B5-4046-9E1F-BE2CC0CFF0E6}"
EndProject
Global
	GlobalSection(SolutionConfigurationPlatforms) = preSolution
		Debug|Any CPU = Debug|Any CPU
		Release|Any CPU = Release|Any CPU
	EndGlobalSection
	GlobalSection(ProjectConfigurationPlatforms) = postSolution
		{FECA932E-A5B5-4046-9E1F-BE2CC0CFF0E6}.Debug|Any CPU.ActiveCfg = Debug|Any CPU
		{FECA932E-A5B5-4046-9E1F-BE2CC0CFF0E6}.Debug|Any CPU.Build.0 = Debug|Any CPU
		{FECA932E-A5B5-4046-9E1F-BE2CC0CFF0E6}.Release|Any CPU.ActiveCfg = Release|Any CPU
		{FECA932E-A5B5-4046-9E1F-BE2CC0CFF0E6}.Release|Any CPU.Build.0 = Release|Any CPU
	EndGlobalSection
EndGlobal
